<?xml version="1.0" encoding="utf-8"?>
<Project ToolsVersion="4.0" xmlns="http://schemas.microsoft.com/developer/msbuild/2003">
  <ItemGroup>
    <ClCompile Include="MilPlugin.cpp" />
    <ClCompile Include="MilCaller.cpp">
      <Filter>Caller</Filter>
    </ClCompile>
    <ClCompile Include="MilDlg.cpp">
      <Filter>View</Filter>
    </ClCompile>
    <ClCompile Include="MilManager.cpp">
      <Filter>Manager</Filter>
    </ClCompile>
    <ClCompile Include="VisionManager.cpp">
      <Filter>Manager</Filter>
    </ClCompile>
    <ClCompile Include="CSVReader.cpp" />
    <ClCompile Include="CameraDILManager.cpp">
      <Filter>Manager</Filter>
    </ClCompile>
    <ClCompile Include="SimpleSerialPort.cpp" />
  </ItemGroup>
  <ItemGroup>
    <ClInclude Include="MilPlugin.h" />
    <ClInclude Include="JError.h" />
    <ClInclude Include="JVersion.h" />
    <ClInclude Include="MilCaller.h">
      <Filter>Caller</Filter>
    </ClInclude>
    <ClInclude Include="MilDlg.h">
      <Filter>View</Filter>
    </ClInclude>
    <ClInclude Include="MilManager.h">
      <Filter>Manager</Filter>
    </ClInclude>
    <ClInclude Include="VisionManager.h">
      <Filter>Manager</Filter>
    </ClInclude>
    <ClInclude Include="CSVReader.h" />
    <ClInclude Include="CameraDILManager.h">
      <Filter>Manager</Filter>
    </ClInclude>
    <ClInclude Include="SimpleSerialPort.h" />
  </ItemGroup>
  <ItemGroup>
    <Filter Include="Caller">
      <UniqueIdentifier>{0612af5c-5a0a-4d08-8998-c3eacbbdeb5e}</UniqueIdentifier>
    </Filter>
    <Filter Include="View">
      <UniqueIdentifier>{faf80dae-47fd-403d-9e5c-4a1b49d51511}</UniqueIdentifier>
    </Filter>
    <Filter Include="Manager">
      <UniqueIdentifier>{fec62379-accd-4fcf-9067-3599645736a3}</UniqueIdentifier>
    </Filter>
  </ItemGroup>
</Project>